
Microsoft Visual Studio Solution File, Format Version 12.00
# Visual Studio 15
VisualStudioVersion = 15.0.26403.7
MinimumVisualStudioVersion = 10.0.40219.1
Project("{FAE04EC0-301F-11D3-BF4B-00C04F79EFBC}") = "SampleAsyncWpfApp", "WpfApplication1\SampleAsyncWpfApp.csproj", "{BB848575-EC18-41B5-9B23-CB2AE0280D40}"
EndProject
Project("{FAE04EC0-301F-11D3-BF4B-00C04F79EFBC}") = "SimpleMahappsMvvmLightApp", "SimpleMahappsMvvmLightApp\SimpleMahappsMvvmLightApp.csproj", "{2809EC4E-5DD8-44E5-9461-392D860D37E9}"
EndProject
Project("{FAE04EC0-301F-11D3-BF4B-00C04F79EFBC}") = "AsyncLoadItems", "AsyncLoadItems\AsyncLoadItems.csproj", "{0521A8EE-03BA-4FB8-B62C-B147703DC4E9}"
EndProject
Project("{FAE04EC0-301F-11D3-BF4B-00C04F79EFBC}") = "SampleAsyncWpfApp.Tests", "SampleAsyncWpfApp.Tests\SampleAsyncWpfApp.Tests.csproj", "{C7DFCDA9-296E-4843-B9D8-1FEBC23DEFBC}"
EndProject
Project("{FAE04EC0-301F-11D3-BF4B-00C04F79EFBC}") = "AsyncLoadItems.Tests", "AsyncLoadItems.Tests\AsyncLoadItems.Tests.csproj", "{901B6BC4-901B-42E9-9C41-2C991C9BEA48}"
EndProject
Project("{FAE04EC0-301F-11D3-BF4B-00C04F79EFBC}") = "GroupBoxWithAttachedProperty1", "GroupBoxWithAttachedProperty1\GroupBoxWithAttachedProperty1.csproj", "{82ACA749-67F2-4C1D-AE79-8BF584B55AA2}"
EndProject
Project("{FAE04EC0-301F-11D3-BF4B-00C04F79EFBC}") = "CanvasWithBoundControlsMvvm", "CanvasWithBoundControlsMvvm\CanvasWithBoundControlsMvvm.csproj", "{8CA3A487-0531-43DD-9B64-151B88814E2B}"
EndProject
Project("{FAE04EC0-301F-11D3-BF4B-00C04F79EFBC}") = "DragAndDropToWindow", "DragAndDropToWindow\DragAndDropToWindow.csproj", "{F1739940-6F55-43DE-BF89-7D99421723DF}"
EndProject
Project("{FAE04EC0-301F-11D3-BF4B-00C04F79EFBC}") = "GwsUtils", "GwsUtils\GwsUtils.csproj", "{16173CB8-160D-4424-9D4E-8E4D28FF365F}"
EndProject
Project("{FAE04EC0-301F-11D3-BF4B-00C04F79EFBC}") = "LedLightControl", "LedLightControl\LedLightControl.csproj", "{C1BBBA59-1225-4603-89D9-395CADDBB04E}"
EndProject
Project("{FAE04EC0-301F-11D3-BF4B-00C04F79EFBC}") = "AsyncProcessItems1", "AsyncProcessItems1\AsyncProcessItems1.csproj", "{2536C75A-9148-4333-A55D-8E9345E4E143}"
EndProject
Global
	GlobalSection(SolutionConfigurationPlatforms) = preSolution
		Debug|Any CPU = Debug|Any CPU
		Release|Any CPU = Release|Any CPU
	EndGlobalSection
	GlobalSection(ProjectConfigurationPlatforms) = postSolution
		{BB848575-EC18-41B5-9B23-CB2AE0280D40}.Debug|Any CPU.ActiveCfg = Debug|Any CPU
		{BB848575-EC18-41B5-9B23-CB2AE0280D40}.Debug|Any CPU.Build.0 = Debug|Any CPU
		{BB848575-EC18-41B5-9B23-CB2AE0280D40}.Release|Any CPU.ActiveCfg = Release|Any CPU
		{BB848575-EC18-41B5-9B23-CB2AE0280D40}.Release|Any CPU.Build.0 = Release|Any CPU
		{2809EC4E-5DD8-44E5-9461-392D860D37E9}.Debug|Any CPU.ActiveCfg = Debug|Any CPU
		{2809EC4E-5DD8-44E5-9461-392D860D37E9}.Debug|Any CPU.Build.0 = Debug|Any CPU
		{2809EC4E-5DD8-44E5-9461-392D860D37E9}.Release|Any CPU.ActiveCfg = Release|Any CPU
		{2809EC4E-5DD8-44E5-9461-392D860D37E9}.Release|Any CPU.Build.0 = Release|Any CPU
		{0521A8EE-03BA-4FB8-B62C-B147703DC4E9}.Debug|Any CPU.ActiveCfg = Debug|Any CPU
		{0521A8EE-03BA-4FB8-B62C-B147703DC4E9}.Debug|Any CPU.Build.0 = Debug|Any CPU
		{0521A8EE-03BA-4FB8-B62C-B147703DC4E9}.Release|Any CPU.ActiveCfg = Release|Any CPU
		{0521A8EE-03BA-4FB8-B62C-B147703DC4E9}.Release|Any CPU.Build.0 = Release|Any CPU
		{C7DFCDA9-296E-4843-B9D8-1FEBC23DEFBC}.Debug|Any CPU.ActiveCfg = Debug|Any CPU
		{C7DFCDA9-296E-4843-B9D8-1FEBC23DEFBC}.Debug|Any CPU.Build.0 = Debug|Any CPU
		{C7DFCDA9-296E-4843-B9D8-1FEBC23DEFBC}.Release|Any CPU.ActiveCfg = Release|Any CPU
		{C7DFCDA9-296E-4843-B9D8-1FEBC23DEFBC}.Release|Any CPU.Build.0 = Release|Any CPU
		{901B6BC4-901B-42E9-9C41-2C991C9BEA48}.Debug|Any CPU.ActiveCfg = Debug|Any CPU
		{901B6BC4-901B-42E9-9C41-2C991C9BEA48}.Debug|Any CPU.Build.0 = Debug|Any CPU
		{901B6BC4-901B-42E9-9C41-2C991C9BEA48}.Release|Any CPU.ActiveCfg = Release|Any CPU
		{901B6BC4-901B-42E9-9C41-2C991C9BEA48}.Release|Any CPU.Build.0 = Release|Any CPU
		{82ACA749-67F2-4C1D-AE79-8BF584B55AA2}.Debug|Any CPU.ActiveCfg = Debug|Any CPU
		{82ACA749-67F2-4C1D-AE79-8BF584B55AA2}.Debug|Any CPU.Build.0 = Debug|Any CPU
		{82ACA749-67F2-4C1D-AE79-8BF584B55AA2}.Release|Any CPU.ActiveCfg = Release|Any CPU
		{82ACA749-67F2-4C1D-AE79-8BF584B55AA2}.Release|Any CPU.Build.0 = Release|Any CPU
		{8CA3A487-0531-43DD-9B64-151B88814E2B}.Debug|Any CPU.ActiveCfg = Debug|Any CPU
		{8CA3A487-0531-43DD-9B64-151B88814E2B}.Debug|Any CPU.Build.0 = Debug|Any CPU
		{8CA3A487-0531-43DD-9B64-151B88814E2B}.Release|Any CPU.ActiveCfg = Release|Any CPU
		{8CA3A487-0531-43DD-9B64-151B88814E2B}.Release|Any CPU.Build.0 = Release|Any CPU
		{F1739940-6F55-43DE-BF89-7D99421723DF}.Debug|Any CPU.ActiveCfg = Debug|Any CPU
		{F1739940-6F55-43DE-BF89-7D99421723DF}.Debug|Any CPU.Build.0 = Debug|Any CPU
		{F1739940-6F55-43DE-BF89-7D99421723DF}.Release|Any CPU.ActiveCfg = Release|Any CPU
		{F1739940-6F55-43DE-BF89-7D99421723DF}.Release|Any CPU.Build.0 = Release|Any CPU
		{16173CB8-160D-4424-9D4E-8E4D28FF365F}.Debug|Any CPU.ActiveCfg = Debug|Any CPU
		{16173CB8-160D-4424-9D4E-8E4D28FF365F}.Debug|Any CPU.Build.0 = Debug|Any CPU
		{16173CB8-160D-4424-9D4E-8E4D28FF365F}.Release|Any CPU.ActiveCfg = Release|Any CPU
		{16173CB8-160D-4424-9D4E-8E4D28FF365F}.Release|Any CPU.Build.0 = Release|Any CPU
		{C1BBBA59-1225-4603-89D9-395CADDBB04E}.Debug|Any CPU.ActiveCfg = Debug|Any CPU
		{C1BBBA59-1225-4603-89D9-395CADDBB04E}.Debug|Any CPU.Build.0 = Debug|Any CPU
		{C1BBBA59-1225-4603-89D9-395CADDBB04E}.Release|Any CPU.ActiveCfg = Release|Any CPU
		{C1BBBA59-1225-4603-89D9-395CADDBB04E}.Release|Any CPU.Build.0 = Release|Any CPU
		{2536C75A-9148-4333-A55D-8E9345E4E143}.Debug|Any CPU.ActiveCfg = Debug|Any CPU
		{2536C75A-9148-4333-A55D-8E9345E4E143}.Debug|Any CPU.Build.0 = Debug|Any CPU
		{2536C75A-9148-4333-A55D-8E9345E4E143}.Release|Any CPU.ActiveCfg = Release|Any CPU
		{2536C75A-9148-4333-A55D-8E9345E4E143}.Release|Any CPU.Build.0 = Release|Any CPU
	EndGlobalSection
	GlobalSection(SolutionProperties) = preSolution
		HideSolutionNode = FALSE
	EndGlobalSection
EndGlobal
